
Microsoft Visual Studio Solution File, Format Version 12.00
# Visual Studio 15
Project("{FAE04EC0-301F-11D3-BF4B-00C04F79EFBC}") = "FlyBuy", "FlyBuy\FlyBuy.csproj", "{C3A4975C-CF71-493E-AF08-022E5BB0EDE4}"
EndProject
Project("{FAE04EC0-301F-11D3-BF4B-00C04F79EFBC}") = "FlyBuyPickup", "FlyBuyPickup\FlyBuyPickup.csproj", "{188568FC-B47A-4D0A-8397-0F676F2DC672}"
EndProject
Project("{FAE04EC0-301F-11D3-BF4B-00C04F79EFBC}") = "FlyBuyNotify", "FlyBuyNotify\FlyBuyNotify.csproj", "{380033A3-9321-4A5A-8D24-2375C040F384}"
EndProject
Project("{FAE04EC0-301F-11D3-BF4B-00C04F79EFBC}") = "FlyBuyPresence", "FlyBuyPresence\FlyBuyPresence.csproj", "{48784CB4-2DC9-4334-8DE8-2447C293A340}"
EndProject
Global
	GlobalSection(SolutionConfigurationPlatforms) = preSolution
		Debug|iPhoneSimulator = Debug|iPhoneSimulator
		Release|iPhoneSimulator = Release|iPhoneSimulator
		Debug|iPhone = Debug|iPhone
		Release|iPhone = Release|iPhone
	EndGlobalSection
	GlobalSection(ProjectConfigurationPlatforms) = postSolution
		{54CF84ED-0C28-46BF-AE8F-111ECA97F5A0}.Debug|iPhoneSimulator.ActiveCfg = Debug|iPhoneSimulator
		{54CF84ED-0C28-46BF-AE8F-111ECA97F5A0}.Debug|iPhoneSimulator.Build.0 = Debug|iPhoneSimulator
		{54CF84ED-0C28-46BF-AE8F-111ECA97F5A0}.Release|iPhoneSimulator.ActiveCfg = Release|iPhoneSimulator
		{54CF84ED-0C28-46BF-AE8F-111ECA97F5A0}.Release|iPhoneSimulator.Build.0 = Release|iPhoneSimulator
		{54CF84ED-0C28-46BF-AE8F-111ECA97F5A0}.Debug|iPhone.ActiveCfg = Debug|iPhone
		{54CF84ED-0C28-46BF-AE8F-111ECA97F5A0}.Debug|iPhone.Build.0 = Debug|iPhone
		{54CF84ED-0C28-46BF-AE8F-111ECA97F5A0}.Release|iPhone.ActiveCfg = Release|iPhone
		{54CF84ED-0C28-46BF-AE8F-111ECA97F5A0}.Release|iPhone.Build.0 = Release|iPhone
		{C3A4975C-CF71-493E-AF08-022E5BB0EDE4}.Debug|iPhoneSimulator.ActiveCfg = Debug|Any CPU
		{C3A4975C-CF71-493E-AF08-022E5BB0EDE4}.Debug|iPhoneSimulator.Build.0 = Debug|Any CPU
		{C3A4975C-CF71-493E-AF08-022E5BB0EDE4}.Release|iPhoneSimulator.ActiveCfg = Release|Any CPU
		{C3A4975C-CF71-493E-AF08-022E5BB0EDE4}.Release|iPhoneSimulator.Build.0 = Release|Any CPU
		{C3A4975C-CF71-493E-AF08-022E5BB0EDE4}.Debug|iPhone.ActiveCfg = Debug|Any CPU
		{C3A4975C-CF71-493E-AF08-022E5BB0EDE4}.Debug|iPhone.Build.0 = Debug|Any CPU
		{C3A4975C-CF71-493E-AF08-022E5BB0EDE4}.Release|iPhone.ActiveCfg = Release|Any CPU
		{C3A4975C-CF71-493E-AF08-022E5BB0EDE4}.Release|iPhone.Build.0 = Release|Any CPU
		{188568FC-B47A-4D0A-8397-0F676F2DC672}.Debug|iPhoneSimulator.ActiveCfg = Debug|Any CPU
		{188568FC-B47A-4D0A-8397-0F676F2DC672}.Debug|iPhoneSimulator.Build.0 = Debug|Any CPU
		{188568FC-B47A-4D0A-8397-0F676F2DC672}.Release|iPhoneSimulator.ActiveCfg = Release|Any CPU
		{188568FC-B47A-4D0A-8397-0F676F2DC672}.Release|iPhoneSimulator.Build.0 = Release|Any CPU
		{188568FC-B47A-4D0A-8397-0F676F2DC672}.Debug|iPhone.ActiveCfg = Debug|Any CPU
		{188568FC-B47A-4D0A-8397-0F676F2DC672}.Debug|iPhone.Build.0 = Debug|Any CPU
		{188568FC-B47A-4D0A-8397-0F676F2DC672}.Release|iPhone.ActiveCfg = Release|Any CPU
		{188568FC-B47A-4D0A-8397-0F676F2DC672}.Release|iPhone.Build.0 = Release|Any CPU
		{380033A3-9321-4A5A-8D24-2375C040F384}.Debug|iPhoneSimulator.ActiveCfg = Debug|Any CPU
		{380033A3-9321-4A5A-8D24-2375C040F384}.Debug|iPhoneSimulator.Build.0 = Debug|Any CPU
		{380033A3-9321-4A5A-8D24-2375C040F384}.Release|iPhoneSimulator.ActiveCfg = Release|Any CPU
		{380033A3-9321-4A5A-8D24-2375C040F384}.Release|iPhoneSimulator.Build.0 = Release|Any CPU
		{380033A3-9321-4A5A-8D24-2375C040F384}.Debug|iPhone.ActiveCfg = Debug|Any CPU
		{380033A3-9321-4A5A-8D24-2375C040F384}.Debug|iPhone.Build.0 = Debug|Any CPU
		{380033A3-9321-4A5A-8D24-2375C040F384}.Release|iPhone.ActiveCfg = Release|Any CPU
		{380033A3-9321-4A5A-8D24-2375C040F384}.Release|iPhone.Build.0 = Release|Any CPU
		{48784CB4-2DC9-4334-8DE8-2447C293A340}.Debug|iPhoneSimulator.ActiveCfg = Debug|Any CPU
		{48784CB4-2DC9-4334-8DE8-2447C293A340}.Debug|iPhoneSimulator.Build.0 = Debug|Any CPU
		{48784CB4-2DC9-4334-8DE8-2447C293A340}.Release|iPhoneSimulator.ActiveCfg = Release|Any CPU
		{48784CB4-2DC9-4334-8DE8-2447C293A340}.Release|iPhoneSimulator.Build.0 = Release|Any CPU
		{48784CB4-2DC9-4334-8DE8-2447C293A340}.Debug|iPhone.ActiveCfg = Debug|Any CPU
		{48784CB4-2DC9-4334-8DE8-2447C293A340}.Debug|iPhone.Build.0 = Debug|Any CPU
		{48784CB4-2DC9-4334-8DE8-2447C293A340}.Release|iPhone.ActiveCfg = Release|Any CPU
		{48784CB4-2DC9-4334-8DE8-2447C293A340}.Release|iPhone.Build.0 = Release|Any CPU
	EndGlobalSection
EndGlobal
